Microsoft Visual Studio Solution File, Format Version 11.00
# Visual Studio 2008

Project("{54D8E5E2-355D-8977-74B4-03711983547A}") = "Escape-the-Cell", "Assembly-CSharp.csproj", "{91A896F6-446E-87E9-F076-4955BB5C7AD9}"
EndProject
Global
	GlobalSection(SolutionConfigurationPlatforms) = preSolution
		Debug|Any CPU = Debug|Any CPU
		Release|Any CPU = Release|Any CPU
	EndGlobalSection
	GlobalSection(ProjectConfigurationPlatforms) = postSolution
		{91A896F6-446E-87E9-F076-4955BB5C7AD9}.Debug|Any CPU.ActiveCfg = Debug|Any CPU
		{91A896F6-446E-87E9-F076-4955BB5C7AD9}.Debug|Any CPU.Build.0 = Debug|Any CPU
		{91A896F6-446E-87E9-F076-4955BB5C7AD9}.Release|Any CPU.ActiveCfg = Release|Any CPU
		{91A896F6-446E-87E9-F076-4955BB5C7AD9}.Release|Any CPU.Build.0 = Release|Any CPU
	EndGlobalSection
	GlobalSection(SolutionProperties) = preSolution
		HideSolutionNode = FALSE
	EndGlobalSection
	GlobalSection(MonoDevelopProperties) = preSolution
		StartupItem = Assembly-CSharp.csproj
	EndGlobalSection
EndGlobal
